
Microsoft Visual Studio Solution File, Format Version 12.00
# Visual Studio Version 17
VisualStudioVersion = 17.3.32929.385
MinimumVisualStudioVersion = 10.0.40219.1
Project("{8BC9CEB8-8B4A-11D0-8D11-00A0C91BC942}") = "Lab_10_01", "Lab_10_01\Lab_10_01.vcxproj", "{ECCDE9DA-0F5E-4563-88FE-0ACB46D89A7B}"
EndProject
Global
	GlobalSection(SolutionConfigurationPlatforms) = preSolution
		Debug|x64 = Debug|x64
		Debug|x86 = Debug|x86
		Release|x64 = Release|x64
		Release|x86 = Release|x86
	EndGlobalSection
	GlobalSection(ProjectConfigurationPlatforms) = postSolution
		{ECCDE9DA-0F5E-4563-88FE-0ACB46D89A7B}.Debug|x64.ActiveCfg = Debug|x64
		{ECCDE9DA-0F5E-4563-88FE-0ACB46D89A7B}.Debug|x64.Build.0 = Debug|x64
		{ECCDE9DA-0F5E-4563-88FE-0ACB46D89A7B}.Debug|x86.ActiveCfg = Debug|Win32
		{ECCDE9DA-0F5E-4563-88FE-0ACB46D89A7B}.Debug|x86.Build.0 = Debug|Win32
		{ECCDE9DA-0F5E-4563-88FE-0ACB46D89A7B}.Release|x64.ActiveCfg = Release|x64
		{ECCDE9DA-0F5E-4563-88FE-0ACB46D89A7B}.Release|x64.Build.0 = Release|x64
		{ECCDE9DA-0F5E-4563-88FE-0ACB46D89A7B}.Release|x86.ActiveCfg = Release|Win32
		{ECCDE9DA-0F5E-4563-88FE-0ACB46D89A7B}.Release|x86.Build.0 = Release|Win32
	EndGlobalSection
	GlobalSection(SolutionProperties) = preSolution
		HideSolutionNode = FALSE
	EndGlobalSection
	GlobalSection(ExtensibilityGlobals) = postSolution
		SolutionGuid = {1593404C-914D-4E95-83E0-F048B07588ED}
	EndGlobalSection
EndGlobal
