
Microsoft Visual Studio Solution File, Format Version 12.00
# Visual Studio Version 17
VisualStudioVersion = 17.3.32929.385
MinimumVisualStudioVersion = 10.0.40219.1
Project("{8BC9CEB8-8B4A-11D0-8D11-00A0C91BC942}") = "Lab07_1", "Lab07_1\Lab07_1.vcxproj", "{8257A0AE-E3D7-4225-AB1C-A51F01CD7F05}"
EndProject
Project("{8BC9CEB8-8B4A-11D0-8D11-00A0C91BC942}") = "Lab07_2", "Lab07_2\Lab07_2.vcxproj", "{05A1DFD9-414F-4512-A739-286451FA7A94}"
EndProject
Project("{8BC9CEB8-8B4A-11D0-8D11-00A0C91BC942}") = "Lab07_3", "Lab07_3\Lab07_3.vcxproj", "{347F3960-469B-4B64-B2C0-B9BF580F87C6}"
EndProject
Global
	GlobalSection(SolutionConfigurationPlatforms) = preSolution
		Debug|x64 = Debug|x64
		Debug|x86 = Debug|x86
		Release|x64 = Release|x64
		Release|x86 = Release|x86
	EndGlobalSection
	GlobalSection(ProjectConfigurationPlatforms) = postSolution
		{8257A0AE-E3D7-4225-AB1C-A51F01CD7F05}.Debug|x64.ActiveCfg = Debug|x64
		{8257A0AE-E3D7-4225-AB1C-A51F01CD7F05}.Debug|x64.Build.0 = Debug|x64
		{8257A0AE-E3D7-4225-AB1C-A51F01CD7F05}.Debug|x86.ActiveCfg = Debug|Win32
		{8257A0AE-E3D7-4225-AB1C-A51F01CD7F05}.Debug|x86.Build.0 = Debug|Win32
		{8257A0AE-E3D7-4225-AB1C-A51F01CD7F05}.Release|x64.ActiveCfg = Release|x64
		{8257A0AE-E3D7-4225-AB1C-A51F01CD7F05}.Release|x64.Build.0 = Release|x64
		{8257A0AE-E3D7-4225-AB1C-A51F01CD7F05}.Release|x86.ActiveCfg = Release|Win32
		{8257A0AE-E3D7-4225-AB1C-A51F01CD7F05}.Release|x86.Build.0 = Release|Win32
		{05A1DFD9-414F-4512-A739-286451FA7A94}.Debug|x64.ActiveCfg = Debug|x64
		{05A1DFD9-414F-4512-A739-286451FA7A94}.Debug|x64.Build.0 = Debug|x64
		{05A1DFD9-414F-4512-A739-286451FA7A94}.Debug|x86.ActiveCfg = Debug|Win32
		{05A1DFD9-414F-4512-A739-286451FA7A94}.Debug|x86.Build.0 = Debug|Win32
		{05A1DFD9-414F-4512-A739-286451FA7A94}.Release|x64.ActiveCfg = Release|x64
		{05A1DFD9-414F-4512-A739-286451FA7A94}.Release|x64.Build.0 = Release|x64
		{05A1DFD9-414F-4512-A739-286451FA7A94}.Release|x86.ActiveCfg = Release|Win32
		{05A1DFD9-414F-4512-A739-286451FA7A94}.Release|x86.Build.0 = Release|Win32
		{347F3960-469B-4B64-B2C0-B9BF580F87C6}.Debug|x64.ActiveCfg = Debug|x64
		{347F3960-469B-4B64-B2C0-B9BF580F87C6}.Debug|x64.Build.0 = Debug|x64
		{347F3960-469B-4B64-B2C0-B9BF580F87C6}.Debug|x86.ActiveCfg = Debug|Win32
		{347F3960-469B-4B64-B2C0-B9BF580F87C6}.Debug|x86.Build.0 = Debug|Win32
		{347F3960-469B-4B64-B2C0-B9BF580F87C6}.Release|x64.ActiveCfg = Release|x64
		{347F3960-469B-4B64-B2C0-B9BF580F87C6}.Release|x64.Build.0 = Release|x64
		{347F3960-469B-4B64-B2C0-B9BF580F87C6}.Release|x86.ActiveCfg = Release|Win32
		{347F3960-469B-4B64-B2C0-B9BF580F87C6}.Release|x86.Build.0 = Release|Win32
	EndGlobalSection
	GlobalSection(SolutionProperties) = preSolution
		HideSolutionNode = FALSE
	EndGlobalSection
	GlobalSection(ExtensibilityGlobals) = postSolution
		SolutionGuid = {BA3C90D7-A123-4762-B3C3-F234A2181C26}
	EndGlobalSection
EndGlobal
